
Microsoft Visual Studio Solution File, Format Version 12.00
# Visual Studio Version 17
VisualStudioVersion = 17.8.34322.80
MinimumVisualStudioVersion = 10.0.40219.1
Project("{FAE04EC0-301F-11D3-BF4B-00C04F79EFBC}") = "Cancellation of tasks", "Cancellation of tasks\Cancellation of tasks.csproj", "{452FFF89-2509-49FC-BCFA-5F9B93BB6632}"
EndProject
Global
	GlobalSection(SolutionConfigurationPlatforms) = preSolution
		Debug|Any CPU = Debug|Any CPU
		Release|Any CPU = Release|Any CPU
	EndGlobalSection
	GlobalSection(ProjectConfigurationPlatforms) = postSolution
		{452FFF89-2509-49FC-BCFA-5F9B93BB6632}.Debug|Any CPU.ActiveCfg = Debug|Any CPU
		{452FFF89-2509-49FC-BCFA-5F9B93BB6632}.Debug|Any CPU.Build.0 = Debug|Any CPU
		{452FFF89-2509-49FC-BCFA-5F9B93BB6632}.Release|Any CPU.ActiveCfg = Release|Any CPU
		{452FFF89-2509-49FC-BCFA-5F9B93BB6632}.Release|Any CPU.Build.0 = Release|Any CPU
	EndGlobalSection
	GlobalSection(SolutionProperties) = preSolution
		HideSolutionNode = FALSE
	EndGlobalSection
	GlobalSection(ExtensibilityGlobals) = postSolution
		SolutionGuid = {EB38DD5F-7EBE-4010-A38C-3228A72FB924}
	EndGlobalSection
EndGlobal
